PODS:
  - Alamofire (5.4.3)
  - M13Checkbox (3.4.0)
  - MaterialComponents/AnimationTiming (124.2.0)
  - MaterialComponents/Availability (124.2.0)
  - MaterialComponents/private/Color (124.2.0):
    - MaterialComponents/Availability
  - MaterialComponents/private/Math (124.2.0)
  - MaterialComponents/Ripple (124.2.0):
    - MaterialComponents/AnimationTiming
    - MaterialComponents/Availability
    - MaterialComponents/private/Color
    - MaterialComponents/private/Math
  - "MaterialComponents/Tabs+TabBarView (124.2.0)":
    - MaterialComponents/AnimationTiming
    - MaterialComponents/private/Math
    - MaterialComponents/Ripple
    - MDFInternationalization
  - MDFInternationalization (3.0.0)
  - Popover (1.3.0)
  - Realm (10.7.6):
    - Realm/Headers (= 10.7.6)
  - Realm/Headers (10.7.6)
  - RealmSwift (10.7.6):
    - Realm (= 10.7.6)
  - SnapKit (5.0.1)
  - WeScan (1.7.0)

DEPENDENCIES:
  - Alamofire (~> 5.4)
  - M13Checkbox
  - "MaterialComponents/Tabs+TabBarView"
  - Popover
  - RealmSwift
  - SnapKit (~> 5.0.0)
  - WeScan (>= 0.9)

SPEC REPOS:
  trunk:
    - Alamofire
    - M13Checkbox
    - MaterialComponents
    - MDFInternationalization
    - Popover
    - Realm
    - RealmSwift
    - SnapKit
    - WeScan

SPEC CHECKSUMS:
  Alamofire: e447a2774a40c996748296fa2c55112fdbbc42f9
  M13Checkbox: 6f59404540ac98ba83a3d1afac335895a40c6a5d
  MaterialComponents: 1a9b2d9d45b1601ae544de85089adc4c464306d4
  MDFInternationalization: d697c55307816222a55685c4ccb1044ffb030c12
  Popover: 10e1d9528f81d9504df984b7b3f491292bc1822d
  Realm: ed860452717c8db8f4bf832b6807f7f2ce708839
  RealmSwift: e31c4ddbcc42ac879313d656b86f9ca539f6f4f4
  SnapKit: 97b92857e3df3a0c71833cce143274bf6ef8e5eb
  WeScan: fed582f6c38014d529afb5aa9ffd1bad38fc72b7

PODFILE CHECKSUM: 8cfcbb66c5e46cb370353b47d2c876e800080d42

COCOAPODS: 1.10.1
